
Microsoft Visual Studio Solution File, Format Version 12.00
# Visual Studio Version 17
VisualStudioVersion = 17.5.33627.172
MinimumVisualStudioVersion = 10.0.40219.1
Project("{FAE04EC0-301F-11D3-BF4B-00C04F79EFBC}") = "AuthorInsitution_Minhtda", "AuthorInsitution_Minhtda\AuthorInsitution_Minhtda.csproj", "{21C00444-02E0-4154-89B9-2A29C7E63944}"
EndProject
Project("{FAE04EC0-301F-11D3-BF4B-00C04F79EFBC}") = "BusinessObject", "BusinessObject\BusinessObject.csproj", "{DB0F7C01-4925-487E-9C30-50DCA671BEA6}"
EndProject
Project("{9A19103F-16F7-4668-BE54-9A1E7A4F7556}") = "Repository", "Repository\Repository.csproj", "{780617B6-ECE4-4783-8EDB-3727D7F4727A}"
EndProject
Global
	GlobalSection(SolutionConfigurationPlatforms) = preSolution
		Debug|Any CPU = Debug|Any CPU
		Release|Any CPU = Release|Any CPU
	EndGlobalSection
	GlobalSection(ProjectConfigurationPlatforms) = postSolution
		{21C00444-02E0-4154-89B9-2A29C7E63944}.Debug|Any CPU.ActiveCfg = Debug|Any CPU
		{21C00444-02E0-4154-89B9-2A29C7E63944}.Debug|Any CPU.Build.0 = Debug|Any CPU
		{21C00444-02E0-4154-89B9-2A29C7E63944}.Release|Any CPU.ActiveCfg = Release|Any CPU
		{21C00444-02E0-4154-89B9-2A29C7E63944}.Release|Any CPU.Build.0 = Release|Any CPU
		{DB0F7C01-4925-487E-9C30-50DCA671BEA6}.Debug|Any CPU.ActiveCfg = Debug|Any CPU
		{DB0F7C01-4925-487E-9C30-50DCA671BEA6}.Debug|Any CPU.Build.0 = Debug|Any CPU
		{DB0F7C01-4925-487E-9C30-50DCA671BEA6}.Release|Any CPU.ActiveCfg = Release|Any CPU
		{DB0F7C01-4925-487E-9C30-50DCA671BEA6}.Release|Any CPU.Build.0 = Release|Any CPU
		{780617B6-ECE4-4783-8EDB-3727D7F4727A}.Debug|Any CPU.ActiveCfg = Debug|Any CPU
		{780617B6-ECE4-4783-8EDB-3727D7F4727A}.Debug|Any CPU.Build.0 = Debug|Any CPU
		{780617B6-ECE4-4783-8EDB-3727D7F4727A}.Release|Any CPU.ActiveCfg = Release|Any CPU
		{780617B6-ECE4-4783-8EDB-3727D7F4727A}.Release|Any CPU.Build.0 = Release|Any CPU
	EndGlobalSection
	GlobalSection(SolutionProperties) = preSolution
		HideSolutionNode = FALSE
	EndGlobalSection
	GlobalSection(ExtensibilityGlobals) = postSolution
		SolutionGuid = {FB3558A5-741B-4C80-9686-44CAF33EE463}
	EndGlobalSection
EndGlobal
