
Microsoft Visual Studio Solution File, Format Version 12.00
# Visual Studio Version 17
VisualStudioVersion = 17.5.33627.172
MinimumVisualStudioVersion = 10.0.40219.1
Project("{FAE04EC0-301F-11D3-BF4B-00C04F79EFBC}") = "Clock", "Clock\Clock.csproj", "{5F9C187A-B915-4CAC-919E-E0B4CB87BB61}"
EndProject
Global
	GlobalSection(SolutionConfigurationPlatforms) = preSolution
		Debug|Any CPU = Debug|Any CPU
		Release|Any CPU = Release|Any CPU
	EndGlobalSection
	GlobalSection(ProjectConfigurationPlatforms) = postSolution
		{5F9C187A-B915-4CAC-919E-E0B4CB87BB61}.Debug|Any CPU.ActiveCfg = Debug|Any CPU
		{5F9C187A-B915-4CAC-919E-E0B4CB87BB61}.Debug|Any CPU.Build.0 = Debug|Any CPU
		{5F9C187A-B915-4CAC-919E-E0B4CB87BB61}.Release|Any CPU.ActiveCfg = Release|Any CPU
		{5F9C187A-B915-4CAC-919E-E0B4CB87BB61}.Release|Any CPU.Build.0 = Release|Any CPU
	EndGlobalSection
	GlobalSection(SolutionProperties) = preSolution
		HideSolutionNode = FALSE
	EndGlobalSection
	GlobalSection(ExtensibilityGlobals) = postSolution
		SolutionGuid = {D5DBBE99-22FC-4058-9A01-4F8A1BD25A68}
	EndGlobalSection
EndGlobal
