
Microsoft Visual Studio Solution File, Format Version 12.00
# Visual Studio Version 17
VisualStudioVersion = 17.5.33627.172
MinimumVisualStudioVersion = 10.0.40219.1
Project("{FAE04EC0-301F-11D3-BF4B-00C04F79EFBC}") = "demoRazor", "demoRazor\demoRazor.csproj", "{786CF58E-C9CA-4E44-AFD6-0CBE413BD736}"
EndProject
Global
	GlobalSection(SolutionConfigurationPlatforms) = preSolution
		Debug|Any CPU = Debug|Any CPU
		Release|Any CPU = Release|Any CPU
	EndGlobalSection
	GlobalSection(ProjectConfigurationPlatforms) = postSolution
		{786CF58E-C9CA-4E44-AFD6-0CBE413BD736}.Debug|Any CPU.ActiveCfg = Debug|Any CPU
		{786CF58E-C9CA-4E44-AFD6-0CBE413BD736}.Debug|Any CPU.Build.0 = Debug|Any CPU
		{786CF58E-C9CA-4E44-AFD6-0CBE413BD736}.Release|Any CPU.ActiveCfg = Release|Any CPU
		{786CF58E-C9CA-4E44-AFD6-0CBE413BD736}.Release|Any CPU.Build.0 = Release|Any CPU
	EndGlobalSection
	GlobalSection(SolutionProperties) = preSolution
		HideSolutionNode = FALSE
	EndGlobalSection
	GlobalSection(ExtensibilityGlobals) = postSolution
		SolutionGuid = {E22C2F03-39FD-4C5F-B4C0-82346EC34D65}
	EndGlobalSection
EndGlobal
