
Microsoft Visual Studio Solution File, Format Version 12.00
# Visual Studio Version 17
VisualStudioVersion = 17.5.33627.172
MinimumVisualStudioVersion = 10.0.40219.1
Project("{FAE04EC0-301F-11D3-BF4B-00C04F79EFBC}") = "LETGOOOOO", "LETGOOOOO\LETGOOOOO.csproj", "{F207FF63-E0C4-4688-9182-09639A037DC1}"
EndProject
Global
	GlobalSection(SolutionConfigurationPlatforms) = preSolution
		Debug|Any CPU = Debug|Any CPU
		Release|Any CPU = Release|Any CPU
	EndGlobalSection
	GlobalSection(ProjectConfigurationPlatforms) = postSolution
		{F207FF63-E0C4-4688-9182-09639A037DC1}.Debug|Any CPU.ActiveCfg = Debug|Any CPU
		{F207FF63-E0C4-4688-9182-09639A037DC1}.Debug|Any CPU.Build.0 = Debug|Any CPU
		{F207FF63-E0C4-4688-9182-09639A037DC1}.Release|Any CPU.ActiveCfg = Release|Any CPU
		{F207FF63-E0C4-4688-9182-09639A037DC1}.Release|Any CPU.Build.0 = Release|Any CPU
	EndGlobalSection
	GlobalSection(SolutionProperties) = preSolution
		HideSolutionNode = FALSE
	EndGlobalSection
	GlobalSection(ExtensibilityGlobals) = postSolution
		SolutionGuid = {CF666716-FA6D-43F3-BD3F-B590AF23AC04}
	EndGlobalSection
EndGlobal
