
Microsoft Visual Studio Solution File, Format Version 12.00
# Visual Studio Version 17
VisualStudioVersion = 17.6.33723.286
MinimumVisualStudioVersion = 10.0.40219.1
Project("{9A19103F-16F7-4668-BE54-9A1E7A4F7556}") = "Assignment_Tutorial", "Assignment_Tutorial.csproj", "{DBBF8DB7-F11B-4B6C-8307-2FB584652A9A}"
EndProject
Project("{9A19103F-16F7-4668-BE54-9A1E7A4F7556}") = "BussinessObject", "..\BussinessObject\BussinessObject.csproj", "{AB0F07BC-44C0-4E9E-8EF6-2B51B1D8CB4E}"
EndProject
Project("{9A19103F-16F7-4668-BE54-9A1E7A4F7556}") = "Repositories", "..\Repositories\Repositories.csproj", "{3435BF54-B9FE-412C-9A73-4BC8406A4518}"
EndProject
Global
	GlobalSection(SolutionConfigurationPlatforms) = preSolution
		Debug|Any CPU = Debug|Any CPU
		Release|Any CPU = Release|Any CPU
	EndGlobalSection
	GlobalSection(ProjectConfigurationPlatforms) = postSolution
		{DBBF8DB7-F11B-4B6C-8307-2FB584652A9A}.Debug|Any CPU.ActiveCfg = Debug|Any CPU
		{DBBF8DB7-F11B-4B6C-8307-2FB584652A9A}.Debug|Any CPU.Build.0 = Debug|Any CPU
		{DBBF8DB7-F11B-4B6C-8307-2FB584652A9A}.Release|Any CPU.ActiveCfg = Release|Any CPU
		{DBBF8DB7-F11B-4B6C-8307-2FB584652A9A}.Release|Any CPU.Build.0 = Release|Any CPU
		{AB0F07BC-44C0-4E9E-8EF6-2B51B1D8CB4E}.Debug|Any CPU.ActiveCfg = Debug|Any CPU
		{AB0F07BC-44C0-4E9E-8EF6-2B51B1D8CB4E}.Debug|Any CPU.Build.0 = Debug|Any CPU
		{AB0F07BC-44C0-4E9E-8EF6-2B51B1D8CB4E}.Release|Any CPU.ActiveCfg = Release|Any CPU
		{AB0F07BC-44C0-4E9E-8EF6-2B51B1D8CB4E}.Release|Any CPU.Build.0 = Release|Any CPU
		{3435BF54-B9FE-412C-9A73-4BC8406A4518}.Debug|Any CPU.ActiveCfg = Debug|Any CPU
		{3435BF54-B9FE-412C-9A73-4BC8406A4518}.Debug|Any CPU.Build.0 = Debug|Any CPU
		{3435BF54-B9FE-412C-9A73-4BC8406A4518}.Release|Any CPU.ActiveCfg = Release|Any CPU
		{3435BF54-B9FE-412C-9A73-4BC8406A4518}.Release|Any CPU.Build.0 = Release|Any CPU
	EndGlobalSection
	GlobalSection(SolutionProperties) = preSolution
		HideSolutionNode = FALSE
	EndGlobalSection
	GlobalSection(ExtensibilityGlobals) = postSolution
		SolutionGuid = {8F71478F-BC76-4963-B563-64B7292486F5}
	EndGlobalSection
EndGlobal
